
Microsoft Visual Studio Solution File, Format Version 12.00
# Visual Studio Version 17
VisualStudioVersion = 17.9.34728.123
MinimumVisualStudioVersion = 10.0.40219.1
Project("{FAE04EC0-301F-11D3-BF4B-00C04F79EFBC}") = "Progetto1", "Soluzione\Progetto1.csproj", "{08F2A959-83A1-4011-98A8-B001C8572677}"
EndProject
Project("{FAE04EC0-301F-11D3-BF4B-00C04F79EFBC}") = "Progetto2", "Progetto2\Progetto2.csproj", "{B0F2A215-376E-4B74-92EB-E5ABF24C4A8A}"
EndProject
Global
	GlobalSection(SolutionConfigurationPlatforms) = preSolution
		Debug|Any CPU = Debug|Any CPU
		Release|Any CPU = Release|Any CPU
	EndGlobalSection
	GlobalSection(ProjectConfigurationPlatforms) = postSolution
		{08F2A959-83A1-4011-98A8-B001C8572677}.Debug|Any CPU.ActiveCfg = Debug|Any CPU
		{08F2A959-83A1-4011-98A8-B001C8572677}.Debug|Any CPU.Build.0 = Debug|Any CPU
		{08F2A959-83A1-4011-98A8-B001C8572677}.Release|Any CPU.ActiveCfg = Release|Any CPU
		{08F2A959-83A1-4011-98A8-B001C8572677}.Release|Any CPU.Build.0 = Release|Any CPU
		{B0F2A215-376E-4B74-92EB-E5ABF24C4A8A}.Debug|Any CPU.ActiveCfg = Debug|Any CPU
		{B0F2A215-376E-4B74-92EB-E5ABF24C4A8A}.Debug|Any CPU.Build.0 = Debug|Any CPU
		{B0F2A215-376E-4B74-92EB-E5ABF24C4A8A}.Release|Any CPU.ActiveCfg = Release|Any CPU
		{B0F2A215-376E-4B74-92EB-E5ABF24C4A8A}.Release|Any CPU.Build.0 = Release|Any CPU
	EndGlobalSection
	GlobalSection(SolutionProperties) = preSolution
		HideSolutionNode = FALSE
	EndGlobalSection
	GlobalSection(ExtensibilityGlobals) = postSolution
		SolutionGuid = {29D4F126-DCE1-4D04-947A-354FC75358D0}
	EndGlobalSection
EndGlobal
